github.com/Yrkan/pdfgen v0.0.28 h1:vclZ81YT3zPPlfemOiDbc37Do9jHzFkRiur2XfW05MY=
github.com/Yrkan/pdfgen v0.0.28/go.mod h1:n41F/0p84IB6GhC4hTJSMgA3cdPdxVDVbGB/CjtSo1E=
github.com/nguyenthenguyen/docx v0.0.0-20201105043207-fda3c29a0605 h1:Lrybkkc+vkem5fV2yRzEkvjOjFdSDm9xAzYw9DeE/YA=
github.com/nguyenthenguyen/docx v0.0.0-20201105043207-fda3c29a0605/go.mod h1:kM9t0GrSgsrP+L/j+3SAvRVuMSuwctmpMTYXEUAjQXk=
