github.com/Yrkan/pdfgen v0.0.0-20201205221801-d3b15bcb89cb h1:ioOyONkczhV97TxjNpAhZrH9V9li3W2qnUOw2TOj0xc=
github.com/Yrkan/pdfgen v0.0.0-20201205221801-d3b15bcb89cb/go.mod h1:n41F/0p84IB6GhC4hTJSMgA3cdPdxVDVbGB/CjtSo1E=
github.com/Yrkan/pdfgen v0.0.1 h1:qgoUhqRH3vYHNSVTqJLYJxjFhs0DBdW71aLURWRRaFY=
github.com/Yrkan/pdfgen v0.0.1/go.mod h1:n41F/0p84IB6GhC4hTJSMgA3cdPdxVDVbGB/CjtSo1E=
github.com/Yrkan/pdfgen v0.0.2 h1:K0SmmgUk+BLB/Kmo6KV/cHIt2m4lS/BBkxv4nfO2STw=
github.com/Yrkan/pdfgen v0.0.2/go.mod h1:n41F/0p84IB6GhC4hTJSMgA3cdPdxVDVbGB/CjtSo1E=
github.com/Yrkan/pdfgen v0.0.3 h1:Zes24lcNn6XAltQ0DbsBFWUjQINynExjahO4eeQmjhw=
github.com/Yrkan/pdfgen v0.0.3/go.mod h1:n41F/0p84IB6GhC4hTJSMgA3cdPdxVDVbGB/CjtSo1E=
github.com/Yrkan/pdfgen v0.0.4 h1:W2Oq65jBqVjPzvxOYaN2KVldlzi7+OPX9l6fitg8aoc=
github.com/Yrkan/pdfgen v0.0.4/go.mod h1:n41F/0p84IB6GhC4hTJSMgA3cdPdxVDVbGB/CjtSo1E=
github.com/Yrkan/pdfgen v0.0.5 h1:I+h1y/w9ZOlWkF5FbMVkKH5Nat68T6ckKH89ZWGM0X0=
github.com/Yrkan/pdfgen v0.0.5/go.mod h1:n41F/0p84IB6GhC4hTJSMgA3cdPdxVDVbGB/CjtSo1E=
github.com/Yrkan/pdfgen v0.0.7 h1:Rx/2FC0nKV7kinLrSbyu6CU9ve2TnZO6dlFnXrVsa9w=
github.com/Yrkan/pdfgen v0.0.7/go.mod h1:n41F/0p84IB6GhC4hTJSMgA3cdPdxVDVbGB/CjtSo1E=
github.com/Yrkan/pdfgen v0.0.8 h1:yudZXdtSbkdQqmpITbfERQr76sK1viFoELg+MwuB33E=
github.com/Yrkan/pdfgen v0.0.8/go.mod h1:n41F/0p84IB6GhC4hTJSMgA3cdPdxVDVbGB/CjtSo1E=
github.com/Yrkan/pdfgen v0.0.10 h1:JDsrc11mtSDzqEdmOmnQfaFH8lkv0yyrBPGV7JA2wLc=
github.com/Yrkan/pdfgen v0.0.10/go.mod h1:n41F/0p84IB6GhC4hTJSMgA3cdPdxVDVbGB/CjtSo1E=
github.com/Yrkan/pdfgen v0.0.11 h1:RRxHJn1cdY/pJcEU9sZ3Cbk10g+CiKrXUXvPI3AFQUs=
github.com/Yrkan/pdfgen v0.0.11/go.mod h1:n41F/0p84IB6GhC4hTJSMgA3cdPdxVDVbGB/CjtSo1E=
github.com/Yrkan/pdfgen v0.0.13 h1:11UV5tmDRLhZ3CABfB/5nC8aTp6xmNktDjf5eUbdMLU=
github.com/Yrkan/pdfgen v0.0.13/go.mod h1:n41F/0p84IB6GhC4hTJSMgA3cdPdxVDVbGB/CjtSo1E=
github.com/Yrkan/pdfgen v0.0.14 h1:qqN+Nxkb8u/fbMDNw5D2EuDxSh2dNRtozjqhdE0lZZQ=
github.com/Yrkan/pdfgen v0.0.14/go.mod h1:n41F/0p84IB6GhC4hTJSMgA3cdPdxVDVbGB/CjtSo1E=
github.com/Yrkan/pdfgen v0.0.15 h1:jNgxJ8hxE+A2HuRO1+4k+c+sXrbLbQY6jUo1VtlljE0=
github.com/Yrkan/pdfgen v0.0.15/go.mod h1:n41F/0p84IB6GhC4hTJSMgA3cdPdxVDVbGB/CjtSo1E=
github.com/Yrkan/pdfgen v0.0.16 h1:WJ+gaah69Nf/cEp3Xrgegdv0m4fkp2j4G3Oxqv4XnWU=
github.com/Yrkan/pdfgen v0.0.16/go.mod h1:n41F/0p84IB6GhC4hTJSMgA3cdPdxVDVbGB/CjtSo1E=
github.com/Yrkan/pdfgen v0.0.17 h1:sY0rGTZKTSydi+YBrOadoRoj5fxcQ2/NqIBLe7r6TSk=
github.com/Yrkan/pdfgen v0.0.17/go.mod h1:n41F/0p84IB6GhC4hTJSMgA3cdPdxVDVbGB/CjtSo1E=
github.com/Yrkan/pdfgen v0.0.18 h1:41NctpZRXq+qg+YuENdbyfZZBhQVKqgHGTbIApmGtPs=
github.com/Yrkan/pdfgen v0.0.18/go.mod h1:n41F/0p84IB6GhC4hTJSMgA3cdPdxVDVbGB/CjtSo1E=
github.com/Yrkan/pdfgen v0.0.19 h1:9GgCn89cPGjY0p9zCmndSzwtrUHi5hP3wJjCW9Clbrg=
github.com/Yrkan/pdfgen v0.0.19/go.mod h1:n41F/0p84IB6GhC4hTJSMgA3cdPdxVDVbGB/CjtSo1E=
github.com/Yrkan/pdfgen v0.0.21 h1:29kJEdrpgkqhGmPpLMNCZKMJELLT1bN2lZypfdl6ciU=
github.com/Yrkan/pdfgen v0.0.21/go.mod h1:n41F/0p84IB6GhC4hTJSMgA3cdPdxVDVbGB/CjtSo1E=
github.com/Yrkan/pdfgen v0.0.22 h1:39x/wANJ1CJiGzbE1P3xDqLUfuSVAg7wMHvaWQ+W7RI=
github.com/Yrkan/pdfgen v0.0.22/go.mod h1:n41F/0p84IB6GhC4hTJSMgA3cdPdxVDVbGB/CjtSo1E=
github.com/Yrkan/pdfgen v0.0.23 h1:vKAqkfm+ZAGw4titZLcyKDO6VPFC43Q2yF+n+VWIHzk=
github.com/Yrkan/pdfgen v0.0.23/go.mod h1:n41F/0p84IB6GhC4hTJSMgA3cdPdxVDVbGB/CjtSo1E=
github.com/Yrkan/pdfgen v0.0.24 h1:QvGAd+2MCIA9kkb5+7CdkDjNH9LR7ctqmBnD+pnGpUI=
github.com/Yrkan/pdfgen v0.0.24/go.mod h1:n41F/0p84IB6GhC4hTJSMgA3cdPdxVDVbGB/CjtSo1E=
github.com/Yrkan/pdfgen v0.0.25 h1:lfHKO8h2VMy4XB0Z1X9QYKD9UCEHcf9hvbZxKaPkU/0=
github.com/Yrkan/pdfgen v0.0.25/go.mod h1:n41F/0p84IB6GhC4hTJSMgA3cdPdxVDVbGB/CjtSo1E=
github.com/Yrkan/pdfgen v0.0.28 h1:vclZ81YT3zPPlfemOiDbc37Do9jHzFkRiur2XfW05MY=
github.com/Yrkan/pdfgen v0.0.28/go.mod h1:n41F/0p84IB6GhC4hTJSMgA3cdPdxVDVbGB/CjtSo1E=
github.com/nguyenthenguyen/docx v0.0.0-20201105043207-fda3c29a0605 h1:Lrybkkc+vkem5fV2yRzEkvjOjFdSDm9xAzYw9DeE/YA=
github.com/nguyenthenguyen/docx v0.0.0-20201105043207-fda3c29a0605/go.mod h1:kM9t0GrSgsrP+L/j+3SAvRVuMSuwctmpMTYXEUAjQXk=
